
Microsoft Visual Studio Solution File, Format Version 12.00
# Visual Studio Version 17
VisualStudioVersion = 17.4.33103.184
MinimumVisualStudioVersion = 10.0.40219.1
Project("{FAE04EC0-301F-11D3-BF4B-00C04F79EFBC}") = "1_Elementare_Syntax", "1_Elementare_Syntax\1_Elementare_Syntax.csproj", "{1DEABD44-70D1-40F9-9886-E580E62B066A}"
EndProject
Project("{FAE04EC0-301F-11D3-BF4B-00C04F79EFBC}") = "2_Konsolenausgabe", "2_Konsolenausgabe\2_Konsolenausgabe.csproj", "{CC758AF0-17BA-4173-9781-B4D3EB4798BE}"
EndProject
Global
	GlobalSection(SolutionConfigurationPlatforms) = preSolution
		Debug|Any CPU = Debug|Any CPU
		Release|Any CPU = Release|Any CPU
	EndGlobalSection
	GlobalSection(ProjectConfigurationPlatforms) = postSolution
		{1DEABD44-70D1-40F9-9886-E580E62B066A}.Debug|Any CPU.ActiveCfg = Debug|Any CPU
		{1DEABD44-70D1-40F9-9886-E580E62B066A}.Debug|Any CPU.Build.0 = Debug|Any CPU
		{1DEABD44-70D1-40F9-9886-E580E62B066A}.Release|Any CPU.ActiveCfg = Release|Any CPU
		{1DEABD44-70D1-40F9-9886-E580E62B066A}.Release|Any CPU.Build.0 = Release|Any CPU
		{CC758AF0-17BA-4173-9781-B4D3EB4798BE}.Debug|Any CPU.ActiveCfg = Debug|Any CPU
		{CC758AF0-17BA-4173-9781-B4D3EB4798BE}.Debug|Any CPU.Build.0 = Debug|Any CPU
		{CC758AF0-17BA-4173-9781-B4D3EB4798BE}.Release|Any CPU.ActiveCfg = Release|Any CPU
		{CC758AF0-17BA-4173-9781-B4D3EB4798BE}.Release|Any CPU.Build.0 = Release|Any CPU
	EndGlobalSection
	GlobalSection(SolutionProperties) = preSolution
		HideSolutionNode = FALSE
	EndGlobalSection
	GlobalSection(ExtensibilityGlobals) = postSolution
		SolutionGuid = {A6F2C80B-38D9-4CFF-B52F-1A3AE6D19F54}
	EndGlobalSection
EndGlobal
